github.com/samber/lo v1.44.0 h1:5il56KxRE+GHsm1IR+sZ/6J42NODigFiqCWpSc2dybA=
github.com/samber/lo v1.44.0/go.mod h1:RmDH9Ct32Qy3gduHQuKJ3gW1fMHAnE/fAzQuf6He5cU=
github.com/samber/slog-common v0.17.0 h1:HdRnk7QQTa9ByHlLPK3llCBo8ZSX3F/ZyeqVI5dfMtI=
github.com/samber/slog-common v0.17.0/go.mod h1:mZSJhinB4aqHziR0SKPqpVZjJ0JO35JfH+dDIWqaCBk=
github.com/samber/slog-zap/v2 v2.6.0 h1:o6fGsDTlAigThoFAy1EY+n8ADF2oNylssYP04ZTmKxs=
github.com/samber/slog-zap/v2 v2.6.0/go.mod h1:ZsV2GDRCClGlNz02UaDkqnxQlQoRWCupHhrhxBc0paQ=
go.uber.org/dig v1.18.0 h1:imUL1UiY0Mg4bqbFfsRQO5G4CGRBec/ZujWTvSVp3pw=
go.uber.org/dig v1.18.0/go.mod h1:Us0rSJiThwCv2GteUN0Q7OKvU7n5J4dxZ9JKUXozFdE=
go.uber.org/fx v1.22.2 h1:iPW+OPxv0G8w75OemJ1RAnTUrF55zOJlXlo1TbJ0Buw=
go.uber.org/fx v1.22.2/go.mod h1:o/D9n+2mLP6v1EG+qsdT1O8wKopYAsqZasju97SDFCU=
go.uber.org/multierr v1.10.0 h1:S0h4aNzvfcFsC3dRF1jLoaov7oRaKqRGC/pUEJ2yvPQ=
go.uber.org/multierr v1.10.0/go.mod h1:20+QtiLqy0Nd6FdQB9TLXag12DsQkrbs3htMFfDN80Y=
go.uber.org/multierr v1.11.0 h1:blXXJkSxSSfBVBlC76pxqeO+LN3aDfLQo+309xJstO0=
go.uber.org/multierr v1.11.0/go.mod h1:20+QtiLqy0Nd6FdQB9TLXag12DsQkrbs3htMFfDN80Y=
go.uber.org/zap v1.26.0 h1:sI7k6L95XOKS281NhVKOFCUNIvv9e0w4BF8N3u+tCRo=
go.uber.org/zap v1.26.0/go.mod h1:dtElttAiwGvoJ/vj4IwHBS/gXsEu/pZ50mUIRWuG0so=
golang.org/x/sys v0.0.0-20220412211240-33da011f77ad h1:ntjMns5wyP/fN65tdBD4g8J5w8n015+iIIs9rtjXkY0=
golang.org/x/sys v0.0.0-20220412211240-33da011f77ad/go.mod h1:oPkhp1MJrh7nUepCBck5+mAzfO9JrbApNNgaTdGDITg=
golang.org/x/text v0.16.0 h1:a94ExnEXNtEwYLGJSIUxnWoxoRz/ZcCsV63ROupILh4=
golang.org/x/text v0.16.0/go.mod h1:GhwF1Be+LQoKShO3cGOHzqOgRrGaYc9AvblQOmPVHnI=
